{
  "version": 4,
  "terraform_version": "1.3.3",
  "serial": 27,
  "lineage": "b157b701-83bb-ce37-8203-3091dbe4d305",
  "outputs": {},
  "resources": [
    {
      "mode": "managed",
      "type": "azurerm_storage_account",
      "name": "storage_Account",
      "provider": "provider[\"registry.terraform.io/hashicorp/azurerm\"]",
      "instances": [
        {
          "schema_version": 3,
          "attributes": {
            "access_tier": "Hot",
            "account_kind": "StorageV2",
            "account_replication_type": "LRS",
            "account_tier": "Standard",
            "allow_nested_items_to_be_public": true,
            "azure_files_authentication": [],
            "blob_properties": [
              {
                "change_feed_enabled": false,
                "change_feed_retention_in_days": 0,
                "container_delete_retention_policy": [],
                "cors_rule": [],
                "default_service_version": "",
                "delete_retention_policy": [],
                "last_access_time_enabled": false,
                "versioning_enabled": false
              }
            ],
            "cross_tenant_replication_enabled": true,
            "custom_domain": [],
            "customer_managed_key": [],
            "default_to_oauth_authentication": false,
            "edge_zone": "",
            "enable_https_traffic_only": true,
            "id": "/subscriptions/6df807e8-71ea-477c-ae68-9de1c9532ea7/resourceGroups/app-grp/providers/Microsoft.Storage/storageAccounts/mystorageaccount19970727",
            "identity": [],
            "immutability_policy": [],
            "infrastructure_encryption_enabled": false,
            "is_hns_enabled": false,
            "large_file_share_enabled": null,
            "location": "northeurope",
            "min_tls_version": "TLS1_2",
            "name": "mystorageaccount19970727",
            "network_rules": [
              {
                "bypass": [
                  "AzureServices"
                ],
                "default_action": "Allow",
                "ip_rules": [],
                "private_link_access": [],
                "virtual_network_subnet_ids": []
              }
            ],
            "nfsv3_enabled": false,
            "primary_access_key": "D1afX5/58emcWuVrZxUvDc+rFlNzhmFslbRPe0bcnkGVMqqisX8bmzJMK7mEKO2RA7gLrKX0DokN+AStUEr00Q==",
            "primary_blob_connection_string": "DefaultEndpointsProtocol=https;BlobEndpoint=https://mystorageaccount19970727.blob.core.windows.net/;AccountName=mystorageaccount19970727;AccountKey=D1afX5/58emcWuVrZxUvDc+rFlNzhmFslbRPe0bcnkGVMqqisX8bmzJMK7mEKO2RA7gLrKX0DokN+AStUEr00Q==",
            "primary_blob_endpoint": "https://mystorageaccount19970727.blob.core.windows.net/",
            "primary_blob_host": "mystorageaccount19970727.blob.core.windows.net",
            "primary_connection_string": "DefaultEndpointsProtocol=https;AccountName=mystorageaccount19970727;AccountKey=D1afX5/58emcWuVrZxUvDc+rFlNzhmFslbRPe0bcnkGVMqqisX8bmzJMK7mEKO2RA7gLrKX0DokN+AStUEr00Q==;EndpointSuffix=core.windows.net",
            "primary_dfs_endpoint": "https://mystorageaccount19970727.dfs.core.windows.net/",
            "primary_dfs_host": "mystorageaccount19970727.dfs.core.windows.net",
            "primary_file_endpoint": "https://mystorageaccount19970727.file.core.windows.net/",
            "primary_file_host": "mystorageaccount19970727.file.core.windows.net",
            "primary_location": "northeurope",
            "primary_queue_endpoint": "https://mystorageaccount19970727.queue.core.windows.net/",
            "primary_queue_host": "mystorageaccount19970727.queue.core.windows.net",
            "primary_table_endpoint": "https://mystorageaccount19970727.table.core.windows.net/",
            "primary_table_host": "mystorageaccount19970727.table.core.windows.net",
            "primary_web_endpoint": "https://mystorageaccount19970727.z16.web.core.windows.net/",
            "primary_web_host": "mystorageaccount19970727.z16.web.core.windows.net",
            "public_network_access_enabled": true,
            "queue_encryption_key_type": "Service",
            "queue_properties": [
              {
                "cors_rule": [],
                "hour_metrics": [
                  {
                    "enabled": true,
                    "include_apis": true,
                    "retention_policy_days": 7,
                    "version": "1.0"
                  }
                ],
                "logging": [
                  {
                    "delete": false,
                    "read": false,
                    "retention_policy_days": 0,
                    "version": "1.0",
                    "write": false
                  }
                ],
                "minute_metrics": [
                  {
                    "enabled": false,
                    "include_apis": false,
                    "retention_policy_days": 0,
                    "version": "1.0"
                  }
                ]
              }
            ],
            "resource_group_name": "app-grp",
            "routing": [],
            "sas_policy": [],
            "secondary_access_key": "icEynV+TI6uAni/aLKPYVONV3CAomoRwwT8njSo2CtmTD6Ch0knmEXIWSMeo6xGhxcX9s0lHAk39+AStvlTDuw==",
            "secondary_blob_connection_string": "",
            "secondary_blob_endpoint": null,
            "secondary_blob_host": null,
            "secondary_connection_string": "DefaultEndpointsProtocol=https;AccountName=mystorageaccount19970727;AccountKey=icEynV+TI6uAni/aLKPYVONV3CAomoRwwT8njSo2CtmTD6Ch0knmEXIWSMeo6xGhxcX9s0lHAk39+AStvlTDuw==;EndpointSuffix=core.windows.net",
            "secondary_dfs_endpoint": null,
            "secondary_dfs_host": null,
            "secondary_file_endpoint": null,
            "secondary_file_host": null,
            "secondary_location": "",
            "secondary_queue_endpoint": null,
            "secondary_queue_host": null,
            "secondary_table_endpoint": null,
            "secondary_table_host": null,
            "secondary_web_endpoint": null,
            "secondary_web_host": null,
            "share_properties": [
              {
                "cors_rule": [],
                "retention_policy": [
                  {
                    "days": 7
                  }
                ],
                "smb": []
              }
            ],
            "shared_access_key_enabled": true,
            "static_website": [],
            "table_encryption_key_type": "Service",
            "tags": {
              "environment": "staging"
            },
            "timeouts": null
          },
          "sensitive_attributes": [],
          "private": "eyJlMmJmYjczMC1lY2FhLTExZTYtOGY4OC0zNDM2M2JjN2M0YzAiOnsiY3JlYXRlIjozNjAwMDAwMDAwMDAwLCJkZWxldGUiOjM2MDAwMDAwMDAwMDAsInJlYWQiOjMwMDAwMDAwMDAwMCwidXBkYXRlIjozNjAwMDAwMDAwMDAwfSwic2NoZW1hX3ZlcnNpb24iOiIzIn0="
        }
      ]
    },
    {
      "mode": "managed",
      "type": "azurerm_storage_blob",
      "name": "sample",
      "provider": "provider[\"registry.terraform.io/hashicorp/azurerm\"]",
      "instances": [
        {
          "schema_version": 1,
          "attributes": {
            "access_tier": "Hot",
            "cache_control": "",
            "content_md5": "",
            "content_type": "application/octet-stream",
            "id": "https://mystorageaccount19970727.blob.core.windows.net/data/sample.txt",
            "metadata": {},
            "name": "sample.txt",
            "parallelism": 8,
            "size": 0,
            "source": "sample.txt",
            "source_content": null,
            "source_uri": null,
            "storage_account_name": "mystorageaccount19970727",
            "storage_container_name": "data",
            "timeouts": null,
            "type": "Block",
            "url": "https://mystorageaccount19970727.blob.core.windows.net/data/sample.txt"
          },
          "sensitive_attributes": [],
          "private": "eyJlMmJmYjczMC1lY2FhLTExZTYtOGY4OC0zNDM2M2JjN2M0YzAiOnsiY3JlYXRlIjoxODAwMDAwMDAwMDAwLCJkZWxldGUiOjE4MDAwMDAwMDAwMDAsInJlYWQiOjMwMDAwMDAwMDAwMCwidXBkYXRlIjoxODAwMDAwMDAwMDAwfSwic2NoZW1hX3ZlcnNpb24iOiIxIn0=",
          "dependencies": [
            "azurerm_storage_account.storage_Account",
            "azurerm_storage_container.data"
          ]
        }
      ]
    },
    {
      "mode": "managed",
      "type": "azurerm_storage_container",
      "name": "data",
      "provider": "provider[\"registry.terraform.io/hashicorp/azurerm\"]",
      "instances": [
        {
          "schema_version": 1,
          "attributes": {
            "container_access_type": "private",
            "has_immutability_policy": false,
            "has_legal_hold": false,
            "id": "https://mystorageaccount19970727.blob.core.windows.net/data",
            "metadata": {},
            "name": "data",
            "resource_manager_id": "/subscriptions/6df807e8-71ea-477c-ae68-9de1c9532ea7/resourceGroups/app-grp/providers/Microsoft.Storage/storageAccounts/mystorageaccount19970727/blobServices/default/containers/data",
            "storage_account_name": "mystorageaccount19970727",
            "timeouts": null
          },
          "sensitive_attributes": [],
          "private": "eyJlMmJmYjczMC1lY2FhLTExZTYtOGY4OC0zNDM2M2JjN2M0YzAiOnsiY3JlYXRlIjoxODAwMDAwMDAwMDAwLCJkZWxldGUiOjE4MDAwMDAwMDAwMDAsInJlYWQiOjMwMDAwMDAwMDAwMCwidXBkYXRlIjoxODAwMDAwMDAwMDAwfSwic2NoZW1hX3ZlcnNpb24iOiIxIn0=",
          "dependencies": [
            "azurerm_storage_account.storage_Account"
          ]
        }
      ]
    }
  ],
  "check_results": []
}
