{
  "version": 4,
  "terraform_version": "1.3.3",
  "serial": 4,
  "lineage": "5227f9e0-cef0-2923-59ab-ea9376fbb2fc",
  "outputs": {},
  "resources": [
    {
      "mode": "managed",
      "type": "azurerm_network_security_group",
      "name": "network_security",
      "provider": "provider[\"registry.terraform.io/hashicorp/azurerm\"]",
      "instances": [
        {
          "schema_version": 0,
          "attributes": {
            "id": "/subscriptions/6df807e8-71ea-477c-ae68-9de1c9532ea7/resourceGroups/mynetworks/providers/Microsoft.Network/networkSecurityGroups/network_security",
            "location": "westeurope",
            "name": "network_security",
            "resource_group_name": "mynetworks",
            "security_rule": [],
            "tags": null,
            "timeouts": null
          },
          "sensitive_attributes": [],
          "private": "eyJlMmJmYjczMC1lY2FhLTExZTYtOGY4OC0zNDM2M2JjN2M0YzAiOnsiY3JlYXRlIjoxODAwMDAwMDAwMDAwLCJkZWxldGUiOjE4MDAwMDAwMDAwMDAsInJlYWQiOjMwMDAwMDAwMDAwMCwidXBkYXRlIjoxODAwMDAwMDAwMDAwfX0=",
          "dependencies": [
            "azurerm_resource_group.mynetworks"
          ]
        }
      ]
    },
    {
      "mode": "managed",
      "type": "azurerm_resource_group",
      "name": "mynetworks",
      "provider": "provider[\"registry.terraform.io/hashicorp/azurerm\"]",
      "instances": [
        {
          "schema_version": 0,
          "attributes": {
            "id": "/subscriptions/6df807e8-71ea-477c-ae68-9de1c9532ea7/resourceGroups/mynetworks",
            "location": "westeurope",
            "name": "mynetworks",
            "tags": null,
            "timeouts": null
          },
          "sensitive_attributes": [],
          "private": "eyJlMmJmYjczMC1lY2FhLTExZTYtOGY4OC0zNDM2M2JjN2M0YzAiOnsiY3JlYXRlIjo1NDAwMDAwMDAwMDAwLCJkZWxldGUiOjU0MDAwMDAwMDAwMDAsInJlYWQiOjMwMDAwMDAwMDAwMCwidXBkYXRlIjo1NDAwMDAwMDAwMDAwfX0="
        }
      ]
    },
    {
      "mode": "managed",
      "type": "azurerm_virtual_network",
      "name": "myvn",
      "provider": "provider[\"registry.terraform.io/hashicorp/azurerm\"]",
      "instances": [
        {
          "schema_version": 0,
          "attributes": {
            "address_space": [
              "10.0.0.0/16"
            ],
            "bgp_community": "",
            "ddos_protection_plan": [],
            "dns_servers": [],
            "edge_zone": "",
            "flow_timeout_in_minutes": 0,
            "guid": "8cbf762e-e600-4ec8-80b0-464372c80042",
            "id": "/subscriptions/6df807e8-71ea-477c-ae68-9de1c9532ea7/resourceGroups/mynetworks/providers/Microsoft.Network/virtualNetworks/myvn",
            "location": "westeurope",
            "name": "myvn",
            "resource_group_name": "mynetworks",
            "subnet": [
              {
                "address_prefix": "10.0.1.0/24",
                "id": "/subscriptions/6df807e8-71ea-477c-ae68-9de1c9532ea7/resourceGroups/mynetworks/providers/Microsoft.Network/virtualNetworks/myvn/subnets/subnet1",
                "name": "subnet1",
                "security_group": "/subscriptions/6df807e8-71ea-477c-ae68-9de1c9532ea7/resourceGroups/mynetworks/providers/Microsoft.Network/networkSecurityGroups/network_security"
              }
            ],
            "tags": null,
            "timeouts": null
          },
          "sensitive_attributes": [],
          "private": "eyJlMmJmYjczMC1lY2FhLTExZTYtOGY4OC0zNDM2M2JjN2M0YzAiOnsiY3JlYXRlIjoxODAwMDAwMDAwMDAwLCJkZWxldGUiOjE4MDAwMDAwMDAwMDAsInJlYWQiOjMwMDAwMDAwMDAwMCwidXBkYXRlIjoxODAwMDAwMDAwMDAwfX0=",
          "dependencies": [
            "azurerm_network_security_group.network_security",
            "azurerm_resource_group.mynetworks"
          ]
        }
      ]
    }
  ],
  "check_results": []
}
